
Microsoft Visual Studio Solution File, Format Version 12.00
# Visual Studio Version 17
VisualStudioVersion = 17.14.36623.8 d17.14
MinimumVisualStudioVersion = 10.0.40219.1
Project("{FAE04EC0-301F-11D3-BF4B-00C04F79EFBC}") = "HansoInputTool", "HansoInputTool\HansoInputTool.csproj", "{B2DBD269-1A3B-43C7-96A1-D9745F2F0264}"
EndProject
Global
	GlobalSection(SolutionConfigurationPlatforms) = preSolution
		Debug|Any CPU = Debug|Any CPU
		Release|Any CPU = Release|Any CPU
	EndGlobalSection
	GlobalSection(ProjectConfigurationPlatforms) = postSolution
		{B2DBD269-1A3B-43C7-96A1-D9745F2F0264}.Debug|Any CPU.ActiveCfg = Debug|Any CPU
		{B2DBD269-1A3B-43C7-96A1-D9745F2F0264}.Debug|Any CPU.Build.0 = Debug|Any CPU
		{B2DBD269-1A3B-43C7-96A1-D9745F2F0264}.Release|Any CPU.ActiveCfg = Release|Any CPU
		{B2DBD269-1A3B-43C7-96A1-D9745F2F0264}.Release|Any CPU.Build.0 = Release|Any CPU
	EndGlobalSection
	GlobalSection(SolutionProperties) = preSolution
		HideSolutionNode = FALSE
	EndGlobalSection
	GlobalSection(ExtensibilityGlobals) = postSolution
		SolutionGuid = {35556EFB-91CD-4E0F-B1E6-506F820D8824}
	EndGlobalSection
EndGlobal
